
Microsoft Visual Studio Solution File, Format Version 12.00
# Visual Studio Version 17
VisualStudioVersion = 17.0.32002.185
MinimumVisualStudioVersion = 10.0.40219.1
Project("{FAE04EC0-301F-11D3-BF4B-00C04F79EFBC}") = "projetoTransporte", "projetoTransporte\projetoTransporte.csproj", "{2A3535AC-F391-4E36-B5F1-7C20567D3893}"
EndProject
Global
	GlobalSection(SolutionConfigurationPlatforms) = preSolution
		Debug|Any CPU = Debug|Any CPU
		Release|Any CPU = Release|Any CPU
	EndGlobalSection
	GlobalSection(ProjectConfigurationPlatforms) = postSolution
		{2A3535AC-F391-4E36-B5F1-7C20567D3893}.Debug|Any CPU.ActiveCfg = Debug|Any CPU
		{2A3535AC-F391-4E36-B5F1-7C20567D3893}.Debug|Any CPU.Build.0 = Debug|Any CPU
		{2A3535AC-F391-4E36-B5F1-7C20567D3893}.Release|Any CPU.ActiveCfg = Release|Any CPU
		{2A3535AC-F391-4E36-B5F1-7C20567D3893}.Release|Any CPU.Build.0 = Release|Any CPU
	EndGlobalSection
	GlobalSection(SolutionProperties) = preSolution
		HideSolutionNode = FALSE
	EndGlobalSection
	GlobalSection(ExtensibilityGlobals) = postSolution
		SolutionGuid = {90B6B933-F8A5-422D-A9DC-DB958EAE7069}
	EndGlobalSection
EndGlobal
